
Microsoft Visual Studio Solution File, Format Version 12.00
# Visual Studio Version 17
VisualStudioVersion = 17.7.34031.279
MinimumVisualStudioVersion = 10.0.40219.1
Project("{2150E333-8FDC-42A3-9474-1A3956D46DE8}") = "Solution Items", "Solution Items", "{5FE3C61E-ACCE-4A5E-B359-2F47900FFBAC}"
	ProjectSection(SolutionItems) = preProject
		README.md = README.md
	EndProjectSection
EndProject
Project("{2150E333-8FDC-42A3-9474-1A3956D46DE8}") = "Memoized(Recursive)", "Memoized(Recursive)", "{DF287A04-F134-4D2B-876A-A6048E653571}"
EndProject
Project("{9A19103F-16F7-4668-BE54-9A1E7A4F7556}") = "DynaPrograms.M1_Fibonacci", "DynaPrograms.M1_Fibonacci\DynaPrograms.M1_Fibonacci.csproj", "{A512DA07-B351-4AD3-BF4B-A3605D24DD25}"
EndProject
Project("{9A19103F-16F7-4668-BE54-9A1E7A4F7556}") = "DynaPrograms.M2_GridTraveler", "DynaPrograms.M2_GridTraveler\DynaPrograms.M2_GridTraveler.csproj", "{C1C8F0D0-A7CE-47C9-979C-C624C9A66836}"
EndProject
Project("{9A19103F-16F7-4668-BE54-9A1E7A4F7556}") = "DynaPrograms.M3_CanSum", "DynaPrograms.M3_CanSum\DynaPrograms.M3_CanSum.csproj", "{0C5EE81C-DECB-4A94-91BE-F546E23E4C4C}"
EndProject
Project("{9A19103F-16F7-4668-BE54-9A1E7A4F7556}") = "DynaPrograms.Extensions", "DynaPrograms.Extensions\DynaPrograms.Extensions.csproj", "{5DC1BB1D-448F-4BB8-A9F4-B3A60003043D}"
EndProject
Project("{9A19103F-16F7-4668-BE54-9A1E7A4F7556}") = "DynaPrograms.M4_HowSum", "DynaPrograms.M4_HowSum\DynaPrograms.M4_HowSum.csproj", "{293F51DF-78D6-4AA4-8DCD-D7183CA70BA2}"
EndProject
Project("{FAE04EC0-301F-11D3-BF4B-00C04F79EFBC}") = "DynaPrograms.M5_BestSum", "DynaPrograms.M5_BestSum\DynaPrograms.M5_BestSum.csproj", "{DB89AD53-F503-41DA-98DA-AB19C7455129}"
EndProject
Global
	GlobalSection(SolutionConfigurationPlatforms) = preSolution
		Debug|Any CPU = Debug|Any CPU
		Release|Any CPU = Release|Any CPU
	EndGlobalSection
	GlobalSection(ProjectConfigurationPlatforms) = postSolution
		{A512DA07-B351-4AD3-BF4B-A3605D24DD25}.Debug|Any CPU.ActiveCfg = Debug|Any CPU
		{A512DA07-B351-4AD3-BF4B-A3605D24DD25}.Debug|Any CPU.Build.0 = Debug|Any CPU
		{A512DA07-B351-4AD3-BF4B-A3605D24DD25}.Release|Any CPU.ActiveCfg = Release|Any CPU
		{A512DA07-B351-4AD3-BF4B-A3605D24DD25}.Release|Any CPU.Build.0 = Release|Any CPU
		{C1C8F0D0-A7CE-47C9-979C-C624C9A66836}.Debug|Any CPU.ActiveCfg = Debug|Any CPU
		{C1C8F0D0-A7CE-47C9-979C-C624C9A66836}.Debug|Any CPU.Build.0 = Debug|Any CPU
		{C1C8F0D0-A7CE-47C9-979C-C624C9A66836}.Release|Any CPU.ActiveCfg = Release|Any CPU
		{C1C8F0D0-A7CE-47C9-979C-C624C9A66836}.Release|Any CPU.Build.0 = Release|Any CPU
		{0C5EE81C-DECB-4A94-91BE-F546E23E4C4C}.Debug|Any CPU.ActiveCfg = Debug|Any CPU
		{0C5EE81C-DECB-4A94-91BE-F546E23E4C4C}.Debug|Any CPU.Build.0 = Debug|Any CPU
		{0C5EE81C-DECB-4A94-91BE-F546E23E4C4C}.Release|Any CPU.ActiveCfg = Release|Any CPU
		{0C5EE81C-DECB-4A94-91BE-F546E23E4C4C}.Release|Any CPU.Build.0 = Release|Any CPU
		{5DC1BB1D-448F-4BB8-A9F4-B3A60003043D}.Debug|Any CPU.ActiveCfg = Debug|Any CPU
		{5DC1BB1D-448F-4BB8-A9F4-B3A60003043D}.Debug|Any CPU.Build.0 = Debug|Any CPU
		{5DC1BB1D-448F-4BB8-A9F4-B3A60003043D}.Release|Any CPU.ActiveCfg = Release|Any CPU
		{5DC1BB1D-448F-4BB8-A9F4-B3A60003043D}.Release|Any CPU.Build.0 = Release|Any CPU
		{293F51DF-78D6-4AA4-8DCD-D7183CA70BA2}.Debug|Any CPU.ActiveCfg = Debug|Any CPU
		{293F51DF-78D6-4AA4-8DCD-D7183CA70BA2}.Debug|Any CPU.Build.0 = Debug|Any CPU
		{293F51DF-78D6-4AA4-8DCD-D7183CA70BA2}.Release|Any CPU.ActiveCfg = Release|Any CPU
		{293F51DF-78D6-4AA4-8DCD-D7183CA70BA2}.Release|Any CPU.Build.0 = Release|Any CPU
		{DB89AD53-F503-41DA-98DA-AB19C7455129}.Debug|Any CPU.ActiveCfg = Debug|Any CPU
		{DB89AD53-F503-41DA-98DA-AB19C7455129}.Debug|Any CPU.Build.0 = Debug|Any CPU
		{DB89AD53-F503-41DA-98DA-AB19C7455129}.Release|Any CPU.ActiveCfg = Release|Any CPU
		{DB89AD53-F503-41DA-98DA-AB19C7455129}.Release|Any CPU.Build.0 = Release|Any CPU
	EndGlobalSection
	GlobalSection(SolutionProperties) = preSolution
		HideSolutionNode = FALSE
	EndGlobalSection
	GlobalSection(NestedProjects) = preSolution
		{A512DA07-B351-4AD3-BF4B-A3605D24DD25} = {DF287A04-F134-4D2B-876A-A6048E653571}
		{C1C8F0D0-A7CE-47C9-979C-C624C9A66836} = {DF287A04-F134-4D2B-876A-A6048E653571}
		{0C5EE81C-DECB-4A94-91BE-F546E23E4C4C} = {DF287A04-F134-4D2B-876A-A6048E653571}
		{293F51DF-78D6-4AA4-8DCD-D7183CA70BA2} = {DF287A04-F134-4D2B-876A-A6048E653571}
		{DB89AD53-F503-41DA-98DA-AB19C7455129} = {DF287A04-F134-4D2B-876A-A6048E653571}
	EndGlobalSection
	GlobalSection(ExtensibilityGlobals) = postSolution
		SolutionGuid = {9C72C235-D105-4AF0-9C9E-68E1429A889E}
	EndGlobalSection
EndGlobal
